
Microsoft Visual Studio Solution File, Format Version 12.00
# Visual Studio 15
VisualStudioVersion = 15.0.28307.329
MinimumVisualStudioVersion = 10.0.40219.1
Project("{FAE04EC0-301F-11D3-BF4B-00C04F79EFBC}") = "Vicmaher.WebApi", "Vicmaher.WebApi\Vicmaher.WebApi.csproj", "{60439C59-924C-44A7-95EC-AE0E1E91A71B}"
EndProject
Global
	GlobalSection(SolutionConfigurationPlatforms) = preSolution
		Debug|Any CPU = Debug|Any CPU
		Release|Any CPU = Release|Any CPU
	EndGlobalSection
	GlobalSection(ProjectConfigurationPlatforms) = postSolution
		{60439C59-924C-44A7-95EC-AE0E1E91A71B}.Debug|Any CPU.ActiveCfg = Debug|Any CPU
		{60439C59-924C-44A7-95EC-AE0E1E91A71B}.Debug|Any CPU.Build.0 = Debug|Any CPU
		{60439C59-924C-44A7-95EC-AE0E1E91A71B}.Release|Any CPU.ActiveCfg = Release|Any CPU
		{60439C59-924C-44A7-95EC-AE0E1E91A71B}.Release|Any CPU.Build.0 = Release|Any CPU
	EndGlobalSection
	GlobalSection(SolutionProperties) = preSolution
		HideSolutionNode = FALSE
	EndGlobalSection
	GlobalSection(ExtensibilityGlobals) = postSolution
		SolutionGuid = {0AEF2FDC-2E48-4CAF-8C47-561A57278610}
	EndGlobalSection
EndGlobal
